
Microsoft Visual Studio Solution File, Format Version 12.00
# Visual Studio Version 17
VisualStudioVersion = 17.7.34221.43
MinimumVisualStudioVersion = 10.0.40219.1
Project("{8BC9CEB8-8B4A-11D0-8D11-00A0C91BC942}") = "laba2vector", "laba2vector\laba2vector.vcxproj", "{38F01EBE-E6F0-4E56-A48B-C6C6A2CB6E32}"
EndProject
Global
	GlobalSection(SolutionConfigurationPlatforms) = preSolution
		Debug|x64 = Debug|x64
		Debug|x86 = Debug|x86
		Release|x64 = Release|x64
		Release|x86 = Release|x86
	EndGlobalSection
	GlobalSection(ProjectConfigurationPlatforms) = postSolution
		{38F01EBE-E6F0-4E56-A48B-C6C6A2CB6E32}.Debug|x64.ActiveCfg = Debug|x64
		{38F01EBE-E6F0-4E56-A48B-C6C6A2CB6E32}.Debug|x64.Build.0 = Debug|x64
		{38F01EBE-E6F0-4E56-A48B-C6C6A2CB6E32}.Debug|x86.ActiveCfg = Debug|Win32
		{38F01EBE-E6F0-4E56-A48B-C6C6A2CB6E32}.Debug|x86.Build.0 = Debug|Win32
		{38F01EBE-E6F0-4E56-A48B-C6C6A2CB6E32}.Release|x64.ActiveCfg = Release|x64
		{38F01EBE-E6F0-4E56-A48B-C6C6A2CB6E32}.Release|x64.Build.0 = Release|x64
		{38F01EBE-E6F0-4E56-A48B-C6C6A2CB6E32}.Release|x86.ActiveCfg = Release|Win32
		{38F01EBE-E6F0-4E56-A48B-C6C6A2CB6E32}.Release|x86.Build.0 = Release|Win32
	EndGlobalSection
	GlobalSection(SolutionProperties) = preSolution
		HideSolutionNode = FALSE
	EndGlobalSection
	GlobalSection(ExtensibilityGlobals) = postSolution
		SolutionGuid = {56E49563-7560-4F49-84EB-D510995ED247}
	EndGlobalSection
EndGlobal
